
Microsoft Visual Studio Solution File, Format Version 12.00
# Visual Studio Version 16
VisualStudioVersion = 16.0.31205.134
MinimumVisualStudioVersion = 10.0.40219.1
Project("{FAE04EC0-301F-11D3-BF4B-00C04F79EFBC}") = "A3BallisticsWPF", "A3BallisticsWPF\A3BallisticsWPF.csproj", "{76A2EFC8-D75B-4F08-9A96-24AD43F891FD}"
EndProject
Global
	GlobalSection(SolutionConfigurationPlatforms) = preSolution
		Debug|Any CPU = Debug|Any CPU
		Release|Any CPU = Release|Any CPU
	EndGlobalSection
	GlobalSection(ProjectConfigurationPlatforms) = postSolution
		{76A2EFC8-D75B-4F08-9A96-24AD43F891FD}.Debug|Any CPU.ActiveCfg = Debug|Any CPU
		{76A2EFC8-D75B-4F08-9A96-24AD43F891FD}.Debug|Any CPU.Build.0 = Debug|Any CPU
		{76A2EFC8-D75B-4F08-9A96-24AD43F891FD}.Release|Any CPU.ActiveCfg = Release|Any CPU
		{76A2EFC8-D75B-4F08-9A96-24AD43F891FD}.Release|Any CPU.Build.0 = Release|Any CPU
	EndGlobalSection
	GlobalSection(SolutionProperties) = preSolution
		HideSolutionNode = FALSE
	EndGlobalSection
	GlobalSection(ExtensibilityGlobals) = postSolution
		SolutionGuid = {CBB4CF28-3863-46B2-8D5B-D57B8C6A5F31}
	EndGlobalSection
EndGlobal
